<?xml version="1.0" encoding="utf-8"?>
<Project ToolsVersion="4.0" xmlns="http://schemas.microsoft.com/developer/msbuild/2003">
  <ItemGroup>
    <Filter Include="Core">
      <UniqueIdentifier>{2EB4837C-1AEB-840D-C3D7-6A10AFED000F}</UniqueIdentifier>
    </Filter>
    <Filter Include="Platform">
      <UniqueIdentifier>{2AC788B4-1694-E3BF-3FAD-D1672BD9184E}</UniqueIdentifier>
    </Filter>
    <Filter Include="Renderer">
      <UniqueIdentifier>{7CCE658F-689B-C09A-91B4-AE427DE0F528}</UniqueIdentifier>
    </Filter>
  </ItemGroup>
  <ItemGroup>
    <ClInclude Include="src\Core\Application.h">
      <Filter>Core</Filter>
    </ClInclude>
    <ClInclude Include="src\Core\Core.h">
      <Filter>Core</Filter>
    </ClInclude>
    <ClInclude Include="src\Core\EntryPoint.h">
      <Filter>Core</Filter>
    </ClInclude>
    <ClInclude Include="src\Core\Input.h">
      <Filter>Core</Filter>
    </ClInclude>
    <ClInclude Include="src\Core\KeyCodes.h">
      <Filter>Core</Filter>
    </ClInclude>
    <ClInclude Include="src\Core\MouseCodes.h">
      <Filter>Core</Filter>
    </ClInclude>
    <ClInclude Include="src\Core\Window.h">
      <Filter>Core</Filter>
    </ClInclude>
    <ClInclude Include="src\NicoBGameEngine.h" />
    <ClInclude Include="src\Platform\WindowsWindow.h">
      <Filter>Platform</Filter>
    </ClInclude>
    <ClInclude Include="src\Renderer\GraphicsContext.h">
      <Filter>Renderer</Filter>
    </ClInclude>
    <ClInclude Include="src\Renderer\Shader.h">
      <Filter>Renderer</Filter>
    </ClInclude>
    <ClInclude Include="src\nbgepch.h" />
    <ClInclude Include="src\Renderer\Buffer.h" />
    <ClInclude Include="src\Renderer\Renderer.h" />
    <ClInclude Include="src\Renderer\VertexArray.h" />
    <ClInclude Include="src\Renderer\RendererAPI.h" />
    <ClInclude Include="src\Renderer\RenderCommand.h" />
    <ClInclude Include="src\Events\Event.h" />
    <ClInclude Include="src\Events\ApplicationEvent.h" />
    <ClInclude Include="src\Events\KeyEvent.h" />
    <ClInclude Include="src\Events\MouseEvent.h" />
    <ClInclude Include="src\Platform\WindowsInput.h" />
    <ClInclude Include="src\Core\Camera.h" />
    <ClInclude Include="src\Platform\OpenGL\OpenGLBuffer.h" />
    <ClInclude Include="src\Platform\OpenGL\OpenGLContext.h">
      <Filter>Platform</Filter>
    </ClInclude>
    <ClInclude Include="src\Platform\OpenGL\OpenGLRendererAPI.h" />
    <ClInclude Include="src\Platform\OpenGL\OpenGLShader.h" />
    <ClInclude Include="src\Platform\OpenGL\OpenGLVertexArray.h" />
    <ClInclude Include="src\Platform\OpenGL\OpenGLWindow.h" />
    <ClInclude Include="src\Shapes\Shapes.h" />
  </ItemGroup>
  <ItemGroup>
    <ClCompile Include="src\Core\Application.cpp">
      <Filter>Core</Filter>
    </ClCompile>
    <ClCompile Include="src\Platform\WindowsWindow.cpp">
      <Filter>Platform</Filter>
    </ClCompile>
    <ClCompile Include="src\Renderer\GraphicsContext.cpp">
      <Filter>Renderer</Filter>
    </ClCompile>
    <ClCompile Include="src\Renderer\Shader.cpp">
      <Filter>Renderer</Filter>
    </ClCompile>
    <ClCompile Include="src\Renderer\Buffer.cpp" />
    <ClCompile Include="src\Renderer\Renderer.cpp" />
    <ClCompile Include="src\Renderer\VertexArray.cpp" />
    <ClCompile Include="src\Renderer\RendererAPI.cpp" />
    <ClCompile Include="src\Renderer\RenderCommand.cpp" />
    <ClCompile Include="src\Platform\WindowsInput.cpp" />
    <ClCompile Include="src\Core\Camera.cpp" />
    <ClCompile Include="src\Platform\OpenGL\OpenGLBuffer.cpp" />
    <ClCompile Include="src\Platform\OpenGL\OpenGLContext.cpp">
      <Filter>Platform</Filter>
    </ClCompile>
    <ClCompile Include="src\Platform\OpenGL\OpenGLRendererAPI.cpp" />
    <ClCompile Include="src\Platform\OpenGL\OpenGLShader.cpp" />
    <ClCompile Include="src\Platform\OpenGL\OpenGLVertexArray.cpp" />
    <ClCompile Include="src\Platform\OpenGL\OpenGLWindow.cpp" />
    <ClCompile Include="src\Shapes\Shapes.cpp" />
  </ItemGroup>
</Project>